
Microsoft Visual Studio Solution File, Format Version 12.00
# Visual Studio Version 17
VisualStudioVersion = 17.7.34202.233
MinimumVisualStudioVersion = 10.0.40219.1
Project("{8BC9CEB8-8B4A-11D0-8D11-00A0C91BC942}") = "Gamejam", "Gamejam.vcxproj", "{3051AD4A-8797-4097-B1BE-972A488F2FEA}"
EndProject
Global
	GlobalSection(SolutionConfigurationPlatforms) = preSolution
		Debug|x64 = Debug|x64
		Debug|x86 = Debug|x86
		Release|x64 = Release|x64
		Release|x86 = Release|x86
	EndGlobalSection
	GlobalSection(ProjectConfigurationPlatforms) = postSolution
		{3051AD4A-8797-4097-B1BE-972A488F2FEA}.Debug|x64.ActiveCfg = Debug|x64
		{3051AD4A-8797-4097-B1BE-972A488F2FEA}.Debug|x64.Build.0 = Debug|x64
		{3051AD4A-8797-4097-B1BE-972A488F2FEA}.Debug|x86.ActiveCfg = Debug|Win32
		{3051AD4A-8797-4097-B1BE-972A488F2FEA}.Debug|x86.Build.0 = Debug|Win32
		{3051AD4A-8797-4097-B1BE-972A488F2FEA}.Release|x64.ActiveCfg = Release|x64
		{3051AD4A-8797-4097-B1BE-972A488F2FEA}.Release|x64.Build.0 = Release|x64
		{3051AD4A-8797-4097-B1BE-972A488F2FEA}.Release|x86.ActiveCfg = Release|Win32
		{3051AD4A-8797-4097-B1BE-972A488F2FEA}.Release|x86.Build.0 = Release|Win32
	EndGlobalSection
	GlobalSection(SolutionProperties) = preSolution
		HideSolutionNode = FALSE
	EndGlobalSection
	GlobalSection(ExtensibilityGlobals) = postSolution
		SolutionGuid = {901B1860-8EFB-4EE0-9D82-CEEC043FB24D}
	EndGlobalSection
EndGlobal
